
Microsoft Visual Studio Solution File, Format Version 12.00
# Visual Studio Version 17
VisualStudioVersion = 17.8.34330.188
MinimumVisualStudioVersion = 10.0.40219.1
Project("{9A19103F-16F7-4668-BE54-9A1E7A4F7556}") = "Publicador", "Projeto_01\Publicador\Publicador.csproj", "{5316C0E2-510B-4E89-B5E9-B9A2C037BDE5}"
EndProject
Project("{9A19103F-16F7-4668-BE54-9A1E7A4F7556}") = "Consumidor", "Projeto_01\Consumidor\Consumidor.csproj", "{9BE0A6F8-CEFB-4212-9084-F3E7A6935DF8}"
EndProject
Project("{2150E333-8FDC-42A3-9474-1A3956D46DE8}") = "ProjetoRabbitMQ01", "ProjetoRabbitMQ01", "{A48EF06F-C19B-40B1-9F62-C664E7F6D869}"
EndProject
Global
	GlobalSection(SolutionConfigurationPlatforms) = preSolution
		Debug|Any CPU = Debug|Any CPU
		Release|Any CPU = Release|Any CPU
	EndGlobalSection
	GlobalSection(ProjectConfigurationPlatforms) = postSolution
		{5316C0E2-510B-4E89-B5E9-B9A2C037BDE5}.Debug|Any CPU.ActiveCfg = Debug|Any CPU
		{5316C0E2-510B-4E89-B5E9-B9A2C037BDE5}.Debug|Any CPU.Build.0 = Debug|Any CPU
		{5316C0E2-510B-4E89-B5E9-B9A2C037BDE5}.Release|Any CPU.ActiveCfg = Release|Any CPU
		{5316C0E2-510B-4E89-B5E9-B9A2C037BDE5}.Release|Any CPU.Build.0 = Release|Any CPU
		{9BE0A6F8-CEFB-4212-9084-F3E7A6935DF8}.Debug|Any CPU.ActiveCfg = Debug|Any CPU
		{9BE0A6F8-CEFB-4212-9084-F3E7A6935DF8}.Debug|Any CPU.Build.0 = Debug|Any CPU
		{9BE0A6F8-CEFB-4212-9084-F3E7A6935DF8}.Release|Any CPU.ActiveCfg = Release|Any CPU
		{9BE0A6F8-CEFB-4212-9084-F3E7A6935DF8}.Release|Any CPU.Build.0 = Release|Any CPU
	EndGlobalSection
	GlobalSection(SolutionProperties) = preSolution
		HideSolutionNode = FALSE
	EndGlobalSection
	GlobalSection(NestedProjects) = preSolution
		{5316C0E2-510B-4E89-B5E9-B9A2C037BDE5} = {A48EF06F-C19B-40B1-9F62-C664E7F6D869}
		{9BE0A6F8-CEFB-4212-9084-F3E7A6935DF8} = {A48EF06F-C19B-40B1-9F62-C664E7F6D869}
	EndGlobalSection
	GlobalSection(ExtensibilityGlobals) = postSolution
		SolutionGuid = {06B6BD20-803D-46D8-BCFB-9947D9CDB90B}
	EndGlobalSection
EndGlobal
