
Microsoft Visual Studio Solution File, Format Version 12.00
# Visual Studio Version 17
VisualStudioVersion = 17.8.34330.188
MinimumVisualStudioVersion = 10.0.40219.1
Project("{FAE04EC0-301F-11D3-BF4B-00C04F79EFBC}") = "Publicador", "Publicador\Publicador.csproj", "{C1FA1313-982E-4733-9954-677396792247}"
EndProject
Project("{FAE04EC0-301F-11D3-BF4B-00C04F79EFBC}") = "Consumidor", "Consumidor\Consumidor.csproj", "{436BAA21-5502-4042-8506-F3ED9378E816}"
EndProject
Project("{FAE04EC0-301F-11D3-BF4B-00C04F79EFBC}") = "Consumidor01", "Consumidor01\Consumidor01.csproj", "{91838E51-EFCA-4309-A9D3-3CD5063784F2}"
EndProject
Global
	GlobalSection(SolutionConfigurationPlatforms) = preSolution
		Debug|Any CPU = Debug|Any CPU
		Release|Any CPU = Release|Any CPU
	EndGlobalSection
	GlobalSection(ProjectConfigurationPlatforms) = postSolution
		{C1FA1313-982E-4733-9954-677396792247}.Debug|Any CPU.ActiveCfg = Debug|Any CPU
		{C1FA1313-982E-4733-9954-677396792247}.Debug|Any CPU.Build.0 = Debug|Any CPU
		{C1FA1313-982E-4733-9954-677396792247}.Release|Any CPU.ActiveCfg = Release|Any CPU
		{C1FA1313-982E-4733-9954-677396792247}.Release|Any CPU.Build.0 = Release|Any CPU
		{436BAA21-5502-4042-8506-F3ED9378E816}.Debug|Any CPU.ActiveCfg = Debug|Any CPU
		{436BAA21-5502-4042-8506-F3ED9378E816}.Debug|Any CPU.Build.0 = Debug|Any CPU
		{436BAA21-5502-4042-8506-F3ED9378E816}.Release|Any CPU.ActiveCfg = Release|Any CPU
		{436BAA21-5502-4042-8506-F3ED9378E816}.Release|Any CPU.Build.0 = Release|Any CPU
		{91838E51-EFCA-4309-A9D3-3CD5063784F2}.Debug|Any CPU.ActiveCfg = Debug|Any CPU
		{91838E51-EFCA-4309-A9D3-3CD5063784F2}.Debug|Any CPU.Build.0 = Debug|Any CPU
		{91838E51-EFCA-4309-A9D3-3CD5063784F2}.Release|Any CPU.ActiveCfg = Release|Any CPU
		{91838E51-EFCA-4309-A9D3-3CD5063784F2}.Release|Any CPU.Build.0 = Release|Any CPU
	EndGlobalSection
	GlobalSection(SolutionProperties) = preSolution
		HideSolutionNode = FALSE
	EndGlobalSection
	GlobalSection(ExtensibilityGlobals) = postSolution
		SolutionGuid = {25D7B86C-39D3-4EAE-970C-3B3EF7F0DEE3}
	EndGlobalSection
EndGlobal
